
Microsoft Visual Studio Solution File, Format Version 12.00
# Visual Studio Version 17
VisualStudioVersion = 17.7.34031.279
MinimumVisualStudioVersion = 10.0.40219.1
Project("{9A19103F-16F7-4668-BE54-9A1E7A4F7556}") = "BlazorApp.Server", "BlazorApp\Server\BlazorApp.Server.csproj", "{FB6CD39B-5167-4F37-8BE3-70413554A32C}"
EndProject
Project("{9A19103F-16F7-4668-BE54-9A1E7A4F7556}") = "BlazorApp.Client", "BlazorApp\Client\BlazorApp.Client.csproj", "{15840534-9AD9-4B39-804F-A014FB5A0DCC}"
EndProject
Project("{9A19103F-16F7-4668-BE54-9A1E7A4F7556}") = "BlazorApp.Shared", "BlazorApp\Shared\BlazorApp.Shared.csproj", "{AF234607-35E2-4AA2-9004-5C609E2D4704}"
EndProject
Global
	GlobalSection(SolutionConfigurationPlatforms) = preSolution
		Debug|Any CPU = Debug|Any CPU
		Release|Any CPU = Release|Any CPU
	EndGlobalSection
	GlobalSection(ProjectConfigurationPlatforms) = postSolution
		{FB6CD39B-5167-4F37-8BE3-70413554A32C}.Debug|Any CPU.ActiveCfg = Debug|Any CPU
		{FB6CD39B-5167-4F37-8BE3-70413554A32C}.Debug|Any CPU.Build.0 = Debug|Any CPU
		{FB6CD39B-5167-4F37-8BE3-70413554A32C}.Release|Any CPU.ActiveCfg = Release|Any CPU
		{FB6CD39B-5167-4F37-8BE3-70413554A32C}.Release|Any CPU.Build.0 = Release|Any CPU
		{15840534-9AD9-4B39-804F-A014FB5A0DCC}.Debug|Any CPU.ActiveCfg = Debug|Any CPU
		{15840534-9AD9-4B39-804F-A014FB5A0DCC}.Debug|Any CPU.Build.0 = Debug|Any CPU
		{15840534-9AD9-4B39-804F-A014FB5A0DCC}.Release|Any CPU.ActiveCfg = Release|Any CPU
		{15840534-9AD9-4B39-804F-A014FB5A0DCC}.Release|Any CPU.Build.0 = Release|Any CPU
		{AF234607-35E2-4AA2-9004-5C609E2D4704}.Debug|Any CPU.ActiveCfg = Debug|Any CPU
		{AF234607-35E2-4AA2-9004-5C609E2D4704}.Debug|Any CPU.Build.0 = Debug|Any CPU
		{AF234607-35E2-4AA2-9004-5C609E2D4704}.Release|Any CPU.ActiveCfg = Release|Any CPU
		{AF234607-35E2-4AA2-9004-5C609E2D4704}.Release|Any CPU.Build.0 = Release|Any CPU
	EndGlobalSection
	GlobalSection(SolutionProperties) = preSolution
		HideSolutionNode = FALSE
	EndGlobalSection
	GlobalSection(ExtensibilityGlobals) = postSolution
		SolutionGuid = {D8A0F079-3695-46E0-8E40-5FF684585F76}
	EndGlobalSection
EndGlobal
